
Microsoft Visual Studio Solution File, Format Version 12.00
# Visual Studio Version 16
VisualStudioVersion = 16.0.29709.97
MinimumVisualStudioVersion = 10.0.40219.1
Project("{9A19103F-16F7-4668-BE54-9A1E7A4F7556}") = "Baguette_Workshop_DAL", "Baguette_Workshop_DAL\Baguette_Workshop_DAL.csproj", "{35007AED-A5A4-47A2-A92C-BCCD8AD1EEA6}"
EndProject
Project("{FAE04EC0-301F-11D3-BF4B-00C04F79EFBC}") = "BaguetteWorkshopUserInterface", "BaguetteWorkshopUserInterface\BaguetteWorkshopUserInterface.csproj", "{FB7D8B98-41FE-4D70-9272-0E84E557B8EC}"
EndProject
Project("{9A19103F-16F7-4668-BE54-9A1E7A4F7556}") = "BLL_new", "BLL_new\BLL_new.csproj", "{1C79C7DB-C5C1-47FD-938C-B74B39A5BA62}"
EndProject
Project("{FAE04EC0-301F-11D3-BF4B-00C04F79EFBC}") = "BaguetteUserInterfaceWPF", "BaguetteUserInterfaceWPF\BaguetteUserInterfaceWPF.csproj", "{F07E14A5-F454-496D-AA4C-1A2A7450BF83}"
	ProjectSection(ProjectDependencies) = postProject
		{1C79C7DB-C5C1-47FD-938C-B74B39A5BA62} = {1C79C7DB-C5C1-47FD-938C-B74B39A5BA62}
	EndProjectSection
EndProject
Global
	GlobalSection(SolutionConfigurationPlatforms) = preSolution
		Debug|Any CPU = Debug|Any CPU
		Release|Any CPU = Release|Any CPU
	EndGlobalSection
	GlobalSection(ProjectConfigurationPlatforms) = postSolution
		{35007AED-A5A4-47A2-A92C-BCCD8AD1EEA6}.Debug|Any CPU.ActiveCfg = Debug|Any CPU
		{35007AED-A5A4-47A2-A92C-BCCD8AD1EEA6}.Debug|Any CPU.Build.0 = Debug|Any CPU
		{35007AED-A5A4-47A2-A92C-BCCD8AD1EEA6}.Release|Any CPU.ActiveCfg = Release|Any CPU
		{35007AED-A5A4-47A2-A92C-BCCD8AD1EEA6}.Release|Any CPU.Build.0 = Release|Any CPU
		{FB7D8B98-41FE-4D70-9272-0E84E557B8EC}.Debug|Any CPU.ActiveCfg = Debug|Any CPU
		{FB7D8B98-41FE-4D70-9272-0E84E557B8EC}.Debug|Any CPU.Build.0 = Debug|Any CPU
		{FB7D8B98-41FE-4D70-9272-0E84E557B8EC}.Release|Any CPU.ActiveCfg = Release|Any CPU
		{FB7D8B98-41FE-4D70-9272-0E84E557B8EC}.Release|Any CPU.Build.0 = Release|Any CPU
		{1C79C7DB-C5C1-47FD-938C-B74B39A5BA62}.Debug|Any CPU.ActiveCfg = Debug|Any CPU
		{1C79C7DB-C5C1-47FD-938C-B74B39A5BA62}.Debug|Any CPU.Build.0 = Debug|Any CPU
		{1C79C7DB-C5C1-47FD-938C-B74B39A5BA62}.Release|Any CPU.ActiveCfg = Release|Any CPU
		{1C79C7DB-C5C1-47FD-938C-B74B39A5BA62}.Release|Any CPU.Build.0 = Release|Any CPU
		{F07E14A5-F454-496D-AA4C-1A2A7450BF83}.Debug|Any CPU.ActiveCfg = Debug|Any CPU
		{F07E14A5-F454-496D-AA4C-1A2A7450BF83}.Debug|Any CPU.Build.0 = Debug|Any CPU
		{F07E14A5-F454-496D-AA4C-1A2A7450BF83}.Release|Any CPU.ActiveCfg = Release|Any CPU
		{F07E14A5-F454-496D-AA4C-1A2A7450BF83}.Release|Any CPU.Build.0 = Release|Any CPU
	EndGlobalSection
	GlobalSection(SolutionProperties) = preSolution
		HideSolutionNode = FALSE
	EndGlobalSection
	GlobalSection(ExtensibilityGlobals) = postSolution
		SolutionGuid = {39547C5A-00D4-4576-B616-EB37DF28CEC9}
	EndGlobalSection
EndGlobal
